{
    "hash": "770ac1e282b9522e16157a6601364701",
    "packages": [
        {
            "name": "lstrojny/functional-php",
            "version": "dev-master",
            "source": {
                "type": "git",
                "url": "https://github.com/lstrojny/functional-php.git",
                "reference": "b400e00e8b51cc9262c089edce860036d245d8af"
            },
            "dist": {
                "type": "zip",
                "url": "https://api.github.com/repos/lstrojny/functional-php/zipball/b400e00e8b51cc9262c089edce860036d245d8af",
                "reference": "b400e00e8b51cc9262c089edce860036d245d8af",
                "shasum": ""
            },
            "require": {
                "php": ">=5.3.0"
            },
            "time": "2013-02-02 18:06:12",
            "type": "library",
            "autoload": {
                "files": [
                    "src/Functional/_import.php"
                ]
            },
            "notification-url": "https://packagist.org/downloads/",
            "license": [
                "MIT"
            ],
            "authors": [
                {
                    "name": "Lars Strojny",
                    "email": "lstrojny@php.net",
                    "homepage": "http://usrportage.de"
                },
                {
                    "name": "Max Beutel",
                    "email": "nash12@gmail.com"
                }
            ],
            "description": "Functional primitives for PHP",
            "keywords": [
                "functional"
            ]
        },
        {
            "name": "react/curry",
            "version": "v1.1.1",
            "source": {
                "type": "git",
                "url": "https://github.com/reactphp/curry",
                "reference": "v1.1.1"
            },
            "dist": {
                "type": "zip",
                "url": "https://github.com/reactphp/curry/archive/v1.1.1.zip",
                "reference": "v1.1.1",
                "shasum": ""
            },
            "require": {
                "php": ">=5.3.2"
            },
            "time": "2013-01-04 17:21:07",
            "type": "library",
            "extra": {
                "branch-alias": {
                    "dev-master": "1.0-dev"
                }
            },
            "autoload": {
                "psr-0": {
                    "React\\Curry": "src"
                },
                "files": [
                    "src/React/Curry/functions.php"
                ]
            },
            "notification-url": "https://packagist.org/downloads/",
            "license": [
                "MIT"
            ],
            "description": "Partial function application.",
            "keywords": [
                "curry",
                "currying",
                "functional-programming"
            ]
        }
    ],
    "packages-dev": null,
    "aliases": [

    ],
    "minimum-stability": "stable",
    "stability-flags": {
        "lstrojny/functional-php": 20
    }
}
